
Microsoft Visual Studio Solution File, Format Version 12.00
# Visual Studio Version 16
VisualStudioVersion = 16.0.31313.79
MinimumVisualStudioVersion = 10.0.40219.1
Project("{9A19103F-16F7-4668-BE54-9A1E7A4F7556}") = "BulkSenderAPI", "BulkSenderAPI\BulkSenderAPI.csproj", "{B7B219CF-7BCE-4264-982D-AC7142D8FAFB}"
EndProject
Project("{9A19103F-16F7-4668-BE54-9A1E7A4F7556}") = "BulkSenderAPI.Web3Integration", "BulkSenderAPI.Web3Integration\BulkSenderAPI.Web3Integration.csproj", "{9CA19903-5CE8-4571-A482-24F75C592E81}"
EndProject
Project("{9A19103F-16F7-4668-BE54-9A1E7A4F7556}") = "BulkSenderAPI.Data", "BulkSenderAPI.Data\BulkSenderAPI.Data.csproj", "{76101782-0440-45D4-940A-54ACAAE3B1DC}"
EndProject
Project("{9A19103F-16F7-4668-BE54-9A1E7A4F7556}") = "BulkSenderAPI.Model", "BulkSenderAPI.Model\BulkSenderAPI.Model.csproj", "{EB8D65EA-334B-4EE5-BFA7-8A7CB2A0AF12}"
EndProject
Project("{FAE04EC0-301F-11D3-BF4B-00C04F79EFBC}") = "BulkSenderAPI.Service", "BulkSenderAPI.Service\BulkSenderAPI.Service.csproj", "{B242FA73-A7B4-43FA-892E-AA5A50268A84}"
EndProject
Global
	GlobalSection(SolutionConfigurationPlatforms) = preSolution
		Debug|Any CPU = Debug|Any CPU
		Release|Any CPU = Release|Any CPU
	EndGlobalSection
	GlobalSection(ProjectConfigurationPlatforms) = postSolution
		{B7B219CF-7BCE-4264-982D-AC7142D8FAFB}.Debug|Any CPU.ActiveCfg = Debug|Any CPU
		{B7B219CF-7BCE-4264-982D-AC7142D8FAFB}.Debug|Any CPU.Build.0 = Debug|Any CPU
		{B7B219CF-7BCE-4264-982D-AC7142D8FAFB}.Release|Any CPU.ActiveCfg = Release|Any CPU
		{B7B219CF-7BCE-4264-982D-AC7142D8FAFB}.Release|Any CPU.Build.0 = Release|Any CPU
		{9CA19903-5CE8-4571-A482-24F75C592E81}.Debug|Any CPU.ActiveCfg = Debug|Any CPU
		{9CA19903-5CE8-4571-A482-24F75C592E81}.Debug|Any CPU.Build.0 = Debug|Any CPU
		{9CA19903-5CE8-4571-A482-24F75C592E81}.Release|Any CPU.ActiveCfg = Release|Any CPU
		{9CA19903-5CE8-4571-A482-24F75C592E81}.Release|Any CPU.Build.0 = Release|Any CPU
		{76101782-0440-45D4-940A-54ACAAE3B1DC}.Debug|Any CPU.ActiveCfg = Debug|Any CPU
		{76101782-0440-45D4-940A-54ACAAE3B1DC}.Debug|Any CPU.Build.0 = Debug|Any CPU
		{76101782-0440-45D4-940A-54ACAAE3B1DC}.Release|Any CPU.ActiveCfg = Release|Any CPU
		{76101782-0440-45D4-940A-54ACAAE3B1DC}.Release|Any CPU.Build.0 = Release|Any CPU
		{EB8D65EA-334B-4EE5-BFA7-8A7CB2A0AF12}.Debug|Any CPU.ActiveCfg = Debug|Any CPU
		{EB8D65EA-334B-4EE5-BFA7-8A7CB2A0AF12}.Debug|Any CPU.Build.0 = Debug|Any CPU
		{EB8D65EA-334B-4EE5-BFA7-8A7CB2A0AF12}.Release|Any CPU.ActiveCfg = Release|Any CPU
		{EB8D65EA-334B-4EE5-BFA7-8A7CB2A0AF12}.Release|Any CPU.Build.0 = Release|Any CPU
		{B242FA73-A7B4-43FA-892E-AA5A50268A84}.Debug|Any CPU.ActiveCfg = Debug|Any CPU
		{B242FA73-A7B4-43FA-892E-AA5A50268A84}.Debug|Any CPU.Build.0 = Debug|Any CPU
		{B242FA73-A7B4-43FA-892E-AA5A50268A84}.Release|Any CPU.ActiveCfg = Release|Any CPU
		{B242FA73-A7B4-43FA-892E-AA5A50268A84}.Release|Any CPU.Build.0 = Release|Any CPU
	EndGlobalSection
	GlobalSection(SolutionProperties) = preSolution
		HideSolutionNode = FALSE
	EndGlobalSection
	GlobalSection(ExtensibilityGlobals) = postSolution
		SolutionGuid = {B3024C8E-E714-40C7-BD51-F17EA56C39DF}
	EndGlobalSection
EndGlobal
